
Microsoft Visual Studio Solution File, Format Version 12.00
# Visual Studio 15
VisualStudioVersion = 15.0.27130.2027
MinimumVisualStudioVersion = 10.0.40219.1
Project("{FAE04EC0-301F-11D3-BF4B-00C04F79EFBC}") = "MoveS3Folders", "MoveS3Folders.csproj", "{836A1234-4584-48FA-9846-025EE6C50CCD}"
EndProject
Global
	GlobalSection(SolutionConfigurationPlatforms) = preSolution
		Debug|Any CPU = Debug|Any CPU
		Release|Any CPU = Release|Any CPU
	EndGlobalSection
	GlobalSection(ProjectConfigurationPlatforms) = postSolution
		{836A1234-4584-48FA-9846-025EE6C50CCD}.Debug|Any CPU.ActiveCfg = Release|Any CPU
		{836A1234-4584-48FA-9846-025EE6C50CCD}.Debug|Any CPU.Build.0 = Release|Any CPU
		{836A1234-4584-48FA-9846-025EE6C50CCD}.Release|Any CPU.ActiveCfg = Release|Any CPU
		{836A1234-4584-48FA-9846-025EE6C50CCD}.Release|Any CPU.Build.0 = Release|Any CPU
	EndGlobalSection
	GlobalSection(SolutionProperties) = preSolution
		HideSolutionNode = FALSE
	EndGlobalSection
	GlobalSection(ExtensibilityGlobals) = postSolution
		SolutionGuid = {782F6CAD-3F0A-446B-BD18-E376B12D0F70}
	EndGlobalSection
EndGlobal
